
Microsoft Visual Studio Solution File, Format Version 12.00
# Visual Studio 2013
VisualStudioVersion = 12.0.31101.0
MinimumVisualStudioVersion = 10.0.40219.1
Project("{FAE04EC0-301F-11D3-BF4B-00C04F79EFBC}") = "MSDNDashboard", "MSDNDashboard\MSDNDashboard.csproj", "{D18D5A0F-4DFE-490D-B3DD-D55EF26F4EA9}"
EndProject
Project("{FAE04EC0-301F-11D3-BF4B-00C04F79EFBC}") = "MSDN.BlogDashboardWebJob", "MSDN.BlogDashboardWebJob\MSDN.BlogDashboardWebJob.csproj", "{F551789A-420A-40FB-932A-D0042CABE605}"
EndProject
Project("{2150E333-8FDC-42A3-9474-1A3956D46DE8}") = "Solution Items", "Solution Items", "{8CDE3A9D-8CB0-414C-B50C-C7A2B9BB846E}"
EndProject
Project("{FAE04EC0-301F-11D3-BF4B-00C04F79EFBC}") = "MSDNDashboardLibrary", "MSDNDashboardLibrary\MSDNDashboardLibrary.csproj", "{C2BAD8D4-46FD-4EA1-8C57-B20FF82B5442}"
EndProject
Global
	GlobalSection(SolutionConfigurationPlatforms) = preSolution
		Debug|Any CPU = Debug|Any CPU
		Release|Any CPU = Release|Any CPU
	EndGlobalSection
	GlobalSection(ProjectConfigurationPlatforms) = postSolution
		{D18D5A0F-4DFE-490D-B3DD-D55EF26F4EA9}.Debug|Any CPU.ActiveCfg = Debug|Any CPU
		{D18D5A0F-4DFE-490D-B3DD-D55EF26F4EA9}.Debug|Any CPU.Build.0 = Debug|Any CPU
		{D18D5A0F-4DFE-490D-B3DD-D55EF26F4EA9}.Release|Any CPU.ActiveCfg = Release|Any CPU
		{D18D5A0F-4DFE-490D-B3DD-D55EF26F4EA9}.Release|Any CPU.Build.0 = Release|Any CPU
		{F551789A-420A-40FB-932A-D0042CABE605}.Debug|Any CPU.ActiveCfg = Debug|Any CPU
		{F551789A-420A-40FB-932A-D0042CABE605}.Debug|Any CPU.Build.0 = Debug|Any CPU
		{F551789A-420A-40FB-932A-D0042CABE605}.Release|Any CPU.ActiveCfg = Release|Any CPU
		{F551789A-420A-40FB-932A-D0042CABE605}.Release|Any CPU.Build.0 = Release|Any CPU
		{C2BAD8D4-46FD-4EA1-8C57-B20FF82B5442}.Debug|Any CPU.ActiveCfg = Debug|Any CPU
		{C2BAD8D4-46FD-4EA1-8C57-B20FF82B5442}.Debug|Any CPU.Build.0 = Debug|Any CPU
		{C2BAD8D4-46FD-4EA1-8C57-B20FF82B5442}.Release|Any CPU.ActiveCfg = Release|Any CPU
		{C2BAD8D4-46FD-4EA1-8C57-B20FF82B5442}.Release|Any CPU.Build.0 = Release|Any CPU
	EndGlobalSection
	GlobalSection(SolutionProperties) = preSolution
		HideSolutionNode = FALSE
	EndGlobalSection
	GlobalSection(Performance) = preSolution
		HasPerformanceSessions = true
	EndGlobalSection
EndGlobal
